
Microsoft Visual Studio Solution File, Format Version 12.00
# Visual Studio Version 17
VisualStudioVersion = 17.0.31919.166
MinimumVisualStudioVersion = 10.0.40219.1
Project("{2150E333-8FDC-42A3-9474-1A3956D46DE8}") = "Data", "Data", "{8FB14651-F5AC-4DD8-A304-4F2F51510192}"
EndProject
Project("{9A19103F-16F7-4668-BE54-9A1E7A4F7556}") = "LawyerServices.Data", "Data\LawyerServices.Data\LawyerServices.Data.csproj", "{687F5DA7-0B9E-4F99-8EF8-67B69F50A200}"
EndProject
Project("{9A19103F-16F7-4668-BE54-9A1E7A4F7556}") = "LawyerServices.Data.Models", "Data\LawyerServices.Data.Models\LawyerServices.Data.Models.csproj", "{BFE2F684-5A5D-44D8-8ADD-7293BE71EB7C}"
EndProject
Project("{2150E333-8FDC-42A3-9474-1A3956D46DE8}") = "Services", "Services", "{8B61AFA6-C58D-4A28-A730-9D5A0804494C}"
EndProject
Project("{9A19103F-16F7-4668-BE54-9A1E7A4F7556}") = "LawyerServices.Services.Data", "Services\LawyerServices.Services.Data\LawyerServices.Services.Data.csproj", "{966376E4-43FC-45E0-929B-77447425C582}"
EndProject
Project("{9A19103F-16F7-4668-BE54-9A1E7A4F7556}") = "LawyerServices.Services.Mapping", "Services\LawyerServices.Services.Mapping\LawyerServices.Services.Mapping.csproj", "{5827D22A-BB08-4F1D-91CB-779C736AC244}"
EndProject
Project("{9A19103F-16F7-4668-BE54-9A1E7A4F7556}") = "LawyerServices.Common", "LawyerServices.Common\LawyerServices.Common.csproj", "{0C34B450-FBE2-4BD2-9BC8-612A1DF864F8}"
EndProject
Project("{2150E333-8FDC-42A3-9474-1A3956D46DE8}") = "Web", "Web", "{9A1AD9E2-7AF2-4F13-8691-64219CE1D2A1}"
EndProject
Project("{2150E333-8FDC-42A3-9474-1A3956D46DE8}") = "test", "test", "{0E358A77-A1A2-492A-8A6F-84F00A0340D2}"
EndProject
Project("{9A19103F-16F7-4668-BE54-9A1E7A4F7556}") = "BlazorApp1", "BlazorApp1\BlazorApp1.csproj", "{831D6056-08B4-436F-B854-9702EEAFE0D4}"
EndProject
Project("{FAE04EC0-301F-11D3-BF4B-00C04F79EFBC}") = "LawyerServices.Web", "Web\LawyerServices.Web\LawyerServices.Web.csproj", "{84CC347B-42BE-4CD1-9882-27435E686C46}"
EndProject
Global
	GlobalSection(SolutionConfigurationPlatforms) = preSolution
		Debug|Any CPU = Debug|Any CPU
		Release|Any CPU = Release|Any CPU
	EndGlobalSection
	GlobalSection(ProjectConfigurationPlatforms) = postSolution
		{687F5DA7-0B9E-4F99-8EF8-67B69F50A200}.Debug|Any CPU.ActiveCfg = Debug|Any CPU
		{687F5DA7-0B9E-4F99-8EF8-67B69F50A200}.Debug|Any CPU.Build.0 = Debug|Any CPU
		{687F5DA7-0B9E-4F99-8EF8-67B69F50A200}.Release|Any CPU.ActiveCfg = Release|Any CPU
		{687F5DA7-0B9E-4F99-8EF8-67B69F50A200}.Release|Any CPU.Build.0 = Release|Any CPU
		{BFE2F684-5A5D-44D8-8ADD-7293BE71EB7C}.Debug|Any CPU.ActiveCfg = Debug|Any CPU
		{BFE2F684-5A5D-44D8-8ADD-7293BE71EB7C}.Debug|Any CPU.Build.0 = Debug|Any CPU
		{BFE2F684-5A5D-44D8-8ADD-7293BE71EB7C}.Release|Any CPU.ActiveCfg = Release|Any CPU
		{BFE2F684-5A5D-44D8-8ADD-7293BE71EB7C}.Release|Any CPU.Build.0 = Release|Any CPU
		{966376E4-43FC-45E0-929B-77447425C582}.Debug|Any CPU.ActiveCfg = Debug|Any CPU
		{966376E4-43FC-45E0-929B-77447425C582}.Debug|Any CPU.Build.0 = Debug|Any CPU
		{966376E4-43FC-45E0-929B-77447425C582}.Release|Any CPU.ActiveCfg = Release|Any CPU
		{966376E4-43FC-45E0-929B-77447425C582}.Release|Any CPU.Build.0 = Release|Any CPU
		{5827D22A-BB08-4F1D-91CB-779C736AC244}.Debug|Any CPU.ActiveCfg = Debug|Any CPU
		{5827D22A-BB08-4F1D-91CB-779C736AC244}.Debug|Any CPU.Build.0 = Debug|Any CPU
		{5827D22A-BB08-4F1D-91CB-779C736AC244}.Release|Any CPU.ActiveCfg = Release|Any CPU
		{5827D22A-BB08-4F1D-91CB-779C736AC244}.Release|Any CPU.Build.0 = Release|Any CPU
		{0C34B450-FBE2-4BD2-9BC8-612A1DF864F8}.Debug|Any CPU.ActiveCfg = Debug|Any CPU
		{0C34B450-FBE2-4BD2-9BC8-612A1DF864F8}.Debug|Any CPU.Build.0 = Debug|Any CPU
		{0C34B450-FBE2-4BD2-9BC8-612A1DF864F8}.Release|Any CPU.ActiveCfg = Release|Any CPU
		{0C34B450-FBE2-4BD2-9BC8-612A1DF864F8}.Release|Any CPU.Build.0 = Release|Any CPU
		{831D6056-08B4-436F-B854-9702EEAFE0D4}.Debug|Any CPU.ActiveCfg = Debug|Any CPU
		{831D6056-08B4-436F-B854-9702EEAFE0D4}.Debug|Any CPU.Build.0 = Debug|Any CPU
		{831D6056-08B4-436F-B854-9702EEAFE0D4}.Release|Any CPU.ActiveCfg = Release|Any CPU
		{831D6056-08B4-436F-B854-9702EEAFE0D4}.Release|Any CPU.Build.0 = Release|Any CPU
		{84CC347B-42BE-4CD1-9882-27435E686C46}.Debug|Any CPU.ActiveCfg = Debug|Any CPU
		{84CC347B-42BE-4CD1-9882-27435E686C46}.Debug|Any CPU.Build.0 = Debug|Any CPU
		{84CC347B-42BE-4CD1-9882-27435E686C46}.Release|Any CPU.ActiveCfg = Release|Any CPU
		{84CC347B-42BE-4CD1-9882-27435E686C46}.Release|Any CPU.Build.0 = Release|Any CPU
	EndGlobalSection
	GlobalSection(SolutionProperties) = preSolution
		HideSolutionNode = FALSE
	EndGlobalSection
	GlobalSection(NestedProjects) = preSolution
		{687F5DA7-0B9E-4F99-8EF8-67B69F50A200} = {8FB14651-F5AC-4DD8-A304-4F2F51510192}
		{BFE2F684-5A5D-44D8-8ADD-7293BE71EB7C} = {8FB14651-F5AC-4DD8-A304-4F2F51510192}
		{966376E4-43FC-45E0-929B-77447425C582} = {8B61AFA6-C58D-4A28-A730-9D5A0804494C}
		{5827D22A-BB08-4F1D-91CB-779C736AC244} = {8B61AFA6-C58D-4A28-A730-9D5A0804494C}
		{831D6056-08B4-436F-B854-9702EEAFE0D4} = {0E358A77-A1A2-492A-8A6F-84F00A0340D2}
		{84CC347B-42BE-4CD1-9882-27435E686C46} = {9A1AD9E2-7AF2-4F13-8691-64219CE1D2A1}
	EndGlobalSection
	GlobalSection(ExtensibilityGlobals) = postSolution
		SolutionGuid = {BE8A76A9-AD45-4ACD-87A1-05132D1F251E}
	EndGlobalSection
EndGlobal
